// !$*UTF8*$!
{
	archiveVersion = 1;
	classes = {
	};
	objectVersion = 50;
	objects = {

/* Begin PBXBuildFile section */
		895D17A424EFAAA400FE114E /* AppDelegate.swift in Sources */ = {isa = PBXBuildFile; fileRef = 895D17A324EFAAA400FE114E /* AppDelegate.swift */; };
		895D17A624EFAAA400FE114E /* SceneDelegate.swift in Sources */ = {isa = PBXBuildFile; fileRef = 895D17A524EFAAA400FE114E /* SceneDelegate.swift */; };
		895D17A824EFAAA400FE114E /* ContentView.swift in Sources */ = {isa = PBXBuildFile; fileRef = 895D17A724EFAAA400FE114E /* ContentView.swift */; };
		895D17AA24EFAAA600FE114E /* Assets.xcassets in Resources */ = {isa = PBXBuildFile; fileRef = 895D17A924EFAAA600FE114E /* Assets.xcassets */; };
		895D17AD24EFAAA600FE114E /* Preview Assets.xcassets in Resources */ = {isa = PBXBuildFile; fileRef = 895D17AC24EFAAA600FE114E /* Preview Assets.xcassets */; };
		895D17B024EFAAA600FE114E /* LaunchScreen.storyboard in Resources */ = {isa = PBXBuildFile; fileRef = 895D17AE24EFAAA600FE114E /* LaunchScreen.storyboard */; };
		895D17B924EFAAFB00FE114E /* Movie.swift in Sources */ = {isa = PBXBuildFile; fileRef = 895D17B824EFAAFB00FE114E /* Movie.swift */; };
		895D17BC24EFAB4800FE114E /* Helper.swift in Sources */ = {isa = PBXBuildFile; fileRef = 895D17BB24EFAB4800FE114E /* Helper.swift */; };
		895D17BE24EFACA300FE114E /* ImageDownloader.swift in Sources */ = {isa = PBXBuildFile; fileRef = 895D17BD24EFACA300FE114E /* ImageDownloader.swift */; };
		895D17C024EFB53100FE114E /* PendingOperations.swift in Sources */ = {isa = PBXBuildFile; fileRef = 895D17BF24EFB53100FE114E /* PendingOperations.swift */; };
/* End PBXBuildFile section */

/* Begin PBXFileReference section */
		895D17A024EFAAA400FE114E /* dicoding-list-movies.app */ = {isa = PBXFileReference; explicitFileType = wrapper.application; includeInIndex = 0; path = "dicoding-list-movies.app"; sourceTree = BUILT_PRODUCTS_DIR; };
		895D17A324EFAAA400FE114E /* AppDelegate.swift */ = {isa = PBXFileReference; lastKnownFileType = sourcecode.swift; path = AppDelegate.swift; sourceTree = "<group>"; };
		895D17A524EFAAA400FE114E /* SceneDelegate.swift */ = {isa = PBXFileReference; lastKnownFileType = sourcecode.swift; path = SceneDelegate.swift; sourceTree = "<group>"; };
		895D17A724EFAAA400FE114E /* ContentView.swift */ = {isa = PBXFileReference; lastKnownFileType = sourcecode.swift; path = ContentView.swift; sourceTree = "<group>"; };
		895D17A924EFAAA600FE114E /* Assets.xcassets */ = {isa = PBXFileReference; lastKnownFileType = folder.assetcatalog; path = Assets.xcassets; sourceTree = "<group>"; };
		895D17AC24EFAAA600FE114E /* Preview Assets.xcassets */ = {isa = PBXFileReference; lastKnownFileType = folder.assetcatalog; path = "Preview Assets.xcassets"; sourceTree = "<group>"; };
		895D17AF24EFAAA600FE114E /* Base */ = {isa = PBXFileReference; lastKnownFileType = file.storyboard; name = Base; path = Base.lproj/LaunchScreen.storyboard; sourceTree = "<group>"; };
		895D17B124EFAAA600FE114E /* Info.plist */ = {isa = PBXFileReference; lastKnownFileType = text.plist.xml; path = Info.plist; sourceTree = "<group>"; };
		895D17B824EFAAFB00FE114E /* Movie.swift */ = {isa = PBXFileReference; lastKnownFileType = sourcecode.swift; path = Movie.swift; sourceTree = "<group>"; };
		895D17BB24EFAB4800FE114E /* Helper.swift */ = {isa = PBXFileReference; lastKnownFileType = sourcecode.swift; path = Helper.swift; sourceTree = "<group>"; };
		895D17BD24EFACA300FE114E /* ImageDownloader.swift */ = {isa = PBXFileReference; lastKnownFileType = sourcecode.swift; path = ImageDownloader.swift; sourceTree = "<group>"; };
		895D17BF24EFB53100FE114E /* PendingOperations.swift */ = {isa = PBXFileReference; lastKnownFileType = sourcecode.swift; path = PendingOperations.swift; sourceTree = "<group>"; };
/* End PBXFileReference section */

/* Begin PBXFrameworksBuildPhase section */
		895D179D24EFAAA400FE114E /* Frameworks */ = {
			isa = PBXFrameworksBuildPhase;
			buildActionMask = 2147483647;
			files = (
			);
			runOnlyForDeploymentPostprocessing = 0;
		};
/* End PBXFrameworksBuildPhase section */

/* Begin PBXGroup section */
		895D179724EFAAA400FE114E = {
			isa = PBXGroup;
			children = (
				895D17A224EFAAA400FE114E /* dicoding-list-movies */,
				895D17A124EFAAA400FE114E /* Products */,
			);
			sourceTree = "<group>";
		};
		895D17A124EFAAA400FE114E /* Products */ = {
			isa = PBXGroup;
			children = (
				895D17A024EFAAA400FE114E /* dicoding-list-movies.app */,
			);
			name = Products;
			sourceTree = "<group>";
		};
		895D17A224EFAAA400FE114E /* dicoding-list-movies */ = {
			isa = PBXGroup;
			children = (
				895D17BA24EFAB3400FE114E /* utils */,
				895D17B724EFAAE100FE114E /* model */,
				895D17A324EFAAA400FE114E /* AppDelegate.swift */,
				895D17A524EFAAA400FE114E /* SceneDelegate.swift */,
				895D17A724EFAAA400FE114E /* ContentView.swift */,
				895D17A924EFAAA600FE114E /* Assets.xcassets */,
				895D17AE24EFAAA600FE114E /* LaunchScreen.storyboard */,
				895D17B124EFAAA600FE114E /* Info.plist */,
				895D17AB24EFAAA600FE114E /* Preview Content */,
			);
			path = "dicoding-list-movies";
			sourceTree = "<group>";
		};
		895D17AB24EFAAA600FE114E /* Preview Content */ = {
			isa = PBXGroup;
			children = (
				895D17AC24EFAAA600FE114E /* Preview Assets.xcassets */,
			);
			path = "Preview Content";
			sourceTree = "<group>";
		};
		895D17B724EFAAE100FE114E /* model */ = {
			isa = PBXGroup;
			children = (
				895D17B824EFAAFB00FE114E /* Movie.swift */,
			);
			path = model;
			sourceTree = "<group>";
		};
		895D17BA24EFAB3400FE114E /* utils */ = {
			isa = PBXGroup;
			children = (
				895D17BB24EFAB4800FE114E /* Helper.swift */,
				895D17BD24EFACA300FE114E /* ImageDownloader.swift */,
				895D17BF24EFB53100FE114E /* PendingOperations.swift */,
			);
			path = utils;
			sourceTree = "<group>";
		};
/* End PBXGroup section */

/* Begin PBXNativeTarget section */
		895D179F24EFAAA400FE114E /* dicoding-list-movies */ = {
			isa = PBXNativeTarget;
			buildConfigurationList = 895D17B424EFAAA600FE114E /* Build configuration list for PBXNativeTarget "dicoding-list-movies" */;
			buildPhases = (
				895D179C24EFAAA400FE114E /* Sources */,
				895D179D24EFAAA400FE114E /* Frameworks */,
				895D179E24EFAAA400FE114E /* Resources */,
			);
			buildRules = (
			);
			dependencies = (
			);
			name = "dicoding-list-movies";
			productName = "dicoding-list-movies";
			productReference = 895D17A024EFAAA400FE114E /* dicoding-list-movies.app */;
			productType = "com.apple.product-type.application";
		};
/* End PBXNativeTarget section */

/* Begin PBXProject section */
		895D179824EFAAA400FE114E /* Project object */ = {
			isa = PBXProject;
			attributes = {
				LastSwiftUpdateCheck = 1160;
				LastUpgradeCheck = 1160;
				ORGANIZATIONNAME = "Wahyu Permadi";
				TargetAttributes = {
					895D179F24EFAAA400FE114E = {
						CreatedOnToolsVersion = 11.6;
					};
				};
			};
			buildConfigurationList = 895D179B24EFAAA400FE114E /* Build configuration list for PBXProject "dicoding-list-movies" */;
			compatibilityVersion = "Xcode 9.3";
			developmentRegion = en;
			hasScannedForEncodings = 0;
			knownRegions = (
				en,
				Base,
			);
			mainGroup = 895D179724EFAAA400FE114E;
			productRefGroup = 895D17A124EFAAA400FE114E /* Products */;
			projectDirPath = "";
			projectRoot = "";
			targets = (
				895D179F24EFAAA400FE114E /* dicoding-list-movies */,
			);
		};
/* End PBXProject section */

/* Begin PBXResourcesBuildPhase section */
		895D179E24EFAAA400FE114E /* Resources */ = {
			isa = PBXResourcesBuildPhase;
			buildActionMask = 2147483647;
			files = (
				895D17B024EFAAA600FE114E /* LaunchScreen.storyboard in Resources */,
				895D17AD24EFAAA600FE114E /* Preview Assets.xcassets in Resources */,
				895D17AA24EFAAA600FE114E /* Assets.xcassets in Resources */,
			);
			runOnlyForDeploymentPostprocessing = 0;
		};
/* End PBXResourcesBuildPhase section */

/* Begin PBXSourcesBuildPhase section */
		895D179C24EFAAA400FE114E /* Sources */ = {
			isa = PBXSourcesBuildPhase;
			buildActionMask = 2147483647;
			files = (
				895D17A424EFAAA400FE114E /* AppDelegate.swift in Sources */,
				895D17A624EFAAA400FE114E /* SceneDelegate.swift in Sources */,
				895D17BC24EFAB4800FE114E /* Helper.swift in Sources */,
				895D17C024EFB53100FE114E /* PendingOperations.swift in Sources */,
				895D17B924EFAAFB00FE114E /* Movie.swift in Sources */,
				895D17BE24EFACA300FE114E /* ImageDownloader.swift in Sources */,
				895D17A824EFAAA400FE114E /* ContentView.swift in Sources */,
			);
			runOnlyForDeploymentPostprocessing = 0;
		};
/* End PBXSourcesBuildPhase section */

/* Begin PBXVariantGroup section */
		895D17AE24EFAAA600FE114E /* LaunchScreen.storyboard */ = {
			isa = PBXVariantGroup;
			children = (
				895D17AF24EFAAA600FE114E /* Base */,
			);
			name = LaunchScreen.storyboard;
			sourceTree = "<group>";
		};
/* End PBXVariantGroup section */

/* Begin XCBuildConfiguration section */
		895D17B224EFAAA600FE114E /* Debug */ = {
			isa = XCBuildConfiguration;
			buildSettings = {
				ALWAYS_SEARCH_USER_PATHS = NO;
				CLANG_ANALYZER_NONNULL = YES;
				CLANG_ANALYZER_NUMBER_OBJECT_CONVERSION = YES_AGGRESSIVE;
				CLANG_CXX_LANGUAGE_STANDARD = "gnu++14";
				CLANG_CXX_LIBRARY = "libc++";
				CLANG_ENABLE_MODULES = YES;
				CLANG_ENABLE_OBJC_ARC = YES;
				CLANG_ENABLE_OBJC_WEAK = YES;
				CLANG_WARN_BLOCK_CAPTURE_AUTORELEASING = YES;
				CLANG_WARN_BOOL_CONVERSION = YES;
				CLANG_WARN_COMMA = YES;
				CLANG_WARN_CONSTANT_CONVERSION = YES;
				CLANG_WARN_DEPRECATED_OBJC_IMPLEMENTATIONS = YES;
				CLANG_WARN_DIRECT_OBJC_ISA_USAGE = YES_ERROR;
				CLANG_WARN_DOCUMENTATION_COMMENTS = YES;
				CLANG_WARN_EMPTY_BODY = YES;
				CLANG_WARN_ENUM_CONVERSION = YES;
				CLANG_WARN_INFINITE_RECURSION = YES;
				CLANG_WARN_INT_CONVERSION = YES;
				CLANG_WARN_NON_LITERAL_NULL_CONVERSION = YES;
				CLANG_WARN_OBJC_IMPLICIT_RETAIN_SELF = YES;
				CLANG_WARN_OBJC_LITERAL_CONVERSION = YES;
				CLANG_WARN_OBJC_ROOT_CLASS = YES_ERROR;
				CLANG_WARN_RANGE_LOOP_ANALYSIS = YES;
				CLANG_WARN_STRICT_PROTOTYPES = YES;
				CLANG_WARN_SUSPICIOUS_MOVE = YES;
				CLANG_WARN_UNGUARDED_AVAILABILITY = YES_AGGRESSIVE;
				CLANG_WARN_UNREACHABLE_CODE = YES;
				CLANG_WARN__DUPLICATE_METHOD_MATCH = YES;
				COPY_PHASE_STRIP = NO;
				DEBUG_INFORMATION_FORMAT = dwarf;
				ENABLE_STRICT_OBJC_MSGSEND = YES;
				ENABLE_TESTABILITY = YES;
				GCC_C_LANGUAGE_STANDARD = gnu11;
				GCC_DYNAMIC_NO_PIC = NO;
				GCC_NO_COMMON_BLOCKS = YES;
				GCC_OPTIMIZATION_LEVEL = 0;
				GCC_PREPROCESSOR_DEFINITIONS = (
					"DEBUG=1",
					"$(inherited)",
				);
				GCC_WARN_64_TO_32_BIT_CONVERSION = YES;
				GCC_WARN_ABOUT_RETURN_TYPE = YES_ERROR;
				GCC_WARN_UNDECLARED_SELECTOR = YES;
				GCC_WARN_UNINITIALIZED_AUTOS = YES_AGGRESSIVE;
				GCC_WARN_UNUSED_FUNCTION = YES;
				GCC_WARN_UNUSED_VARIABLE = YES;
				IPHONEOS_DEPLOYMENT_TARGET = 13.6;
				MTL_ENABLE_DEBUG_INFO = INCLUDE_SOURCE;
				MTL_FAST_MATH = YES;
				ONLY_ACTIVE_ARCH = YES;
				SDKROOT = iphoneos;
				SWIFT_ACTIVE_COMPILATION_CONDITIONS = DEBUG;
				SWIFT_OPTIMIZATION_LEVEL = "-Onone";
			};
			name = Debug;
		};
		895D17B324EFAAA600FE114E /* Release */ = {
			isa = XCBuildConfiguration;
			buildSettings = {
				ALWAYS_SEARCH_USER_PATHS = NO;
				CLANG_ANALYZER_NONNULL = YES;
				CLANG_ANALYZER_NUMBER_OBJECT_CONVERSION = YES_AGGRESSIVE;
				CLANG_CXX_LANGUAGE_STANDARD = "gnu++14";
				CLANG_CXX_LIBRARY = "libc++";
				CLANG_ENABLE_MODULES = YES;
				CLANG_ENABLE_OBJC_ARC = YES;
				CLANG_ENABLE_OBJC_WEAK = YES;
				CLANG_WARN_BLOCK_CAPTURE_AUTORELEASING = YES;
				CLANG_WARN_BOOL_CONVERSION = YES;
				CLANG_WARN_COMMA = YES;
				CLANG_WARN_CONSTANT_CONVERSION = YES;
				CLANG_WARN_DEPRECATED_OBJC_IMPLEMENTATIONS = YES;
				CLANG_WARN_DIRECT_OBJC_ISA_USAGE = YES_ERROR;
				CLANG_WARN_DOCUMENTATION_COMMENTS = YES;
				CLANG_WARN_EMPTY_BODY = YES;
				CLANG_WARN_ENUM_CONVERSION = YES;
				CLANG_WARN_INFINITE_RECURSION = YES;
				CLANG_WARN_INT_CONVERSION = YES;
				CLANG_WARN_NON_LITERAL_NULL_CONVERSION = YES;
				CLANG_WARN_OBJC_IMPLICIT_RETAIN_SELF = YES;
				CLANG_WARN_OBJC_LITERAL_CONVERSION = YES;
				CLANG_WARN_OBJC_ROOT_CLASS = YES_ERROR;
				CLANG_WARN_RANGE_LOOP_ANALYSIS = YES;
				CLANG_WARN_STRICT_PROTOTYPES = YES;
				CLANG_WARN_SUSPICIOUS_MOVE = YES;
				CLANG_WARN_UNGUARDED_AVAILABILITY = YES_AGGRESSIVE;
				CLANG_WARN_UNREACHABLE_CODE = YES;
				CLANG_WARN__DUPLICATE_METHOD_MATCH = YES;
				COPY_PHASE_STRIP = NO;
				DEBUG_INFORMATION_FORMAT = "dwarf-with-dsym";
				ENABLE_NS_ASSERTIONS = NO;
				ENABLE_STRICT_OBJC_MSGSEND = YES;
				GCC_C_LANGUAGE_STANDARD = gnu11;
				GCC_NO_COMMON_BLOCKS = YES;
				GCC_WARN_64_TO_32_BIT_CONVERSION = YES;
				GCC_WARN_ABOUT_RETURN_TYPE = YES_ERROR;
				GCC_WARN_UNDECLARED_SELECTOR = YES;
				GCC_WARN_UNINITIALIZED_AUTOS = YES_AGGRESSIVE;
				GCC_WARN_UNUSED_FUNCTION = YES;
				GCC_WARN_UNUSED_VARIABLE = YES;
				IPHONEOS_DEPLOYMENT_TARGET = 13.6;
				MTL_ENABLE_DEBUG_INFO = NO;
				MTL_FAST_MATH = YES;
				SDKROOT = iphoneos;
				SWIFT_COMPILATION_MODE = wholemodule;
				SWIFT_OPTIMIZATION_LEVEL = "-O";
				VALIDATE_PRODUCT = YES;
			};
			name = Release;
		};
		895D17B524EFAAA600FE114E /* Debug */ = {
			isa = XCBuildConfiguration;
			buildSettings = {
				ASSETCATALOG_COMPILER_APPICON_NAME = AppIcon;
				CODE_SIGN_STYLE = Automatic;
				DEVELOPMENT_ASSET_PATHS = "\"dicoding-list-movies/Preview Content\"";
				DEVELOPMENT_TEAM = JM56TAFZR9;
				ENABLE_PREVIEWS = YES;
				INFOPLIST_FILE = "dicoding-list-movies/Info.plist";
				LD_RUNPATH_SEARCH_PATHS = (
					"$(inherited)",
					"@executable_path/Frameworks",
				);
				PRODUCT_BUNDLE_IDENTIFIER = "com.wahyu.dicoding-list-movies";
				PRODUCT_NAME = "$(TARGET_NAME)";
				SWIFT_VERSION = 5.0;
				TARGETED_DEVICE_FAMILY = "1,2";
			};
			name = Debug;
		};
		895D17B624EFAAA600FE114E /* Release */ = {
			isa = XCBuildConfiguration;
			buildSettings = {
				ASSETCATALOG_COMPILER_APPICON_NAME = AppIcon;
				CODE_SIGN_STYLE = Automatic;
				DEVELOPMENT_ASSET_PATHS = "\"dicoding-list-movies/Preview Content\"";
				DEVELOPMENT_TEAM = JM56TAFZR9;
				ENABLE_PREVIEWS = YES;
				INFOPLIST_FILE = "dicoding-list-movies/Info.plist";
				LD_RUNPATH_SEARCH_PATHS = (
					"$(inherited)",
					"@executable_path/Frameworks",
				);
				PRODUCT_BUNDLE_IDENTIFIER = "com.wahyu.dicoding-list-movies";
				PRODUCT_NAME = "$(TARGET_NAME)";
				SWIFT_VERSION = 5.0;
				TARGETED_DEVICE_FAMILY = "1,2";
			};
			name = Release;
		};
/* End XCBuildConfiguration section */

/* Begin XCConfigurationList section */
		895D179B24EFAAA400FE114E /* Build configuration list for PBXProject "dicoding-list-movies" */ = {
			isa = XCConfigurationList;
			buildConfigurations = (
				895D17B224EFAAA600FE114E /* Debug */,
				895D17B324EFAAA600FE114E /* Release */,
			);
			defaultConfigurationIsVisible = 0;
			defaultConfigurationName = Release;
		};
		895D17B424EFAAA600FE114E /* Build configuration list for PBXNativeTarget "dicoding-list-movies" */ = {
			isa = XCConfigurationList;
			buildConfigurations = (
				895D17B524EFAAA600FE114E /* Debug */,
				895D17B624EFAAA600FE114E /* Release */,
			);
			defaultConfigurationIsVisible = 0;
			defaultConfigurationName = Release;
		};
/* End XCConfigurationList section */
	};
	rootObject = 895D179824EFAAA400FE114E /* Project object */;
}
